{
  "name": "vitest-module-resolution",
  "version": "1.0.0",
  "lockfileVersion": 2,
  "requires": true,
  "packages": {
    "": {
      "name": "vitest-module-resolution",
      "version": "1.0.0",
      "license": "ISC",
      "devDependencies": {
        "typescript": "^4.8.4",
        "vitest": "^0.23.4"
      }
    },
    "node_modules/@esbuild/android-arm": {
      "version": "0.15.9",
      "resolved": "https://artifacts.merck.com/artifactory/api/npm/npm-main-dev/@esbuild/android-arm/-/android-arm-0.15.9.tgz",
      "integrity": "sha1-fhIhYEq4jtUCHq10+ozKRAXh5DE=",
      "cpu": [
        "arm"
      ],
      "dev": true,
      "license": "MIT",
      "optional": true,
      "os": [
        "android"
      ],
      "engines": {
        "node": ">=12"
      }
    },
    "node_modules/@esbuild/linux-loong64": {
      "version": "0.15.9",
      "resolved": "https://artifacts.merck.com/artifactory/api/npm/npm-main-dev/@esbuild/linux-loong64/-/linux-loong64-0.15.9.tgz",
      "integrity": "sha1-tlipe6vx9AeDNUr3A5uEw/38P8M=",
      "cpu": [
        "loong64"
      ],
      "dev": true,
      "license": "MIT",
      "optional": true,
      "os": [
        "linux"
      ],
      "engines": {
        "node": ">=12"
      }
    },
    "node_modules/@types/chai": {
      "version": "4.3.3",
      "resolved": "https://artifacts.merck.com/artifactory/api/npm/npm-main-dev/@types/chai/-/chai-4.3.3.tgz",
      "integrity": "sha1-PJB1J5JmDEtWKtc7P71ovzvHrgc=",
      "dev": true,
      "license": "MIT"
    },
    "node_modules/@types/chai-subset": {
      "version": "1.3.3",
      "resolved": "https://artifacts.merck.com/artifactory/api/npm/npm-main-dev/@types/chai-subset/-/chai-subset-1.3.3.tgz",
      "integrity": "sha1-l4k4FOkqvSxTTeQiyzd+DgvarJQ=",
      "dev": true,
      "license": "MIT",
      "dependencies": {
        "@types/chai": "*"
      }
    },
    "node_modules/@types/node": {
      "version": "18.7.23",
      "resolved": "https://artifacts.merck.com/artifactory/api/npm/npm-main-dev/@types/node/-/node-18.7.23.tgz",
      "integrity": "sha1-dcWAmDhGGB6+X0q8QP6d+y1lZl8=",
      "dev": true,
      "license": "MIT"
    },
    "node_modules/acorn": {
      "version": "8.8.0",
      "resolved": "https://artifacts.merck.com/artifactory/api/npm/npm-main-dev/acorn/-/acorn-8.8.0.tgz",
      "integrity": "sha1-iMAYdiBDXH9gFYA/VTna4Fqdvqg=",
      "dev": true,
      "license": "MIT",
      "bin": {
        "acorn": "bin/acorn"
      },
      "engines": {
        "node": ">=0.4.0"
      }
    },
    "node_modules/assertion-error": {
      "version": "1.1.0",
      "resolved": "https://artifacts.merck.com/artifactory/api/npm/npm-main-dev/assertion-error/-/assertion-error-1.1.0.tgz",
      "integrity": "sha1-5gtrDo8wG9l+U3UhW9pAbIURjAs=",
      "dev": true,
      "license": "MIT",
      "engines": {
        "node": "*"
      }
    },
    "node_modules/chai": {
      "version": "4.3.6",
      "resolved": "https://artifacts.merck.com/artifactory/api/npm/npm-main-dev/chai/-/chai-4.3.6.tgz",
      "integrity": "sha1-/+S6LZ+p1mgMwLNwra5wnskBHpw=",
      "dev": true,
      "license": "MIT",
      "dependencies": {
        "assertion-error": "^1.1.0",
        "check-error": "^1.0.2",
        "deep-eql": "^3.0.1",
        "get-func-name": "^2.0.0",
        "loupe": "^2.3.1",
        "pathval": "^1.1.1",
        "type-detect": "^4.0.5"
      },
      "engines": {
        "node": ">=4"
      }
    },
    "node_modules/check-error": {
      "version": "1.0.2",
      "resolved": "https://artifacts.merck.com/artifactory/api/npm/npm-main-dev/check-error/-/check-error-1.0.2.tgz",
      "integrity": "sha1-V00xLt2Iu13YkS6Sht1sCu1KrII=",
      "dev": true,
      "license": "MIT",
      "engines": {
        "node": "*"
      }
    },
    "node_modules/debug": {
      "version": "4.3.4",
      "resolved": "https://artifacts.merck.com/artifactory/api/npm/npm-main-dev/debug/-/debug-4.3.4.tgz",
      "integrity": "sha1-Exn2V5NX8jONMzfSzdSRS7XcyGU=",
      "dev": true,
      "license": "MIT",
      "dependencies": {
        "ms": "2.1.2"
      },
      "engines": {
        "node": ">=6.0"
      },
      "peerDependenciesMeta": {
        "supports-color": {
          "optional": true
        }
      }
    },
    "node_modules/deep-eql": {
      "version": "3.0.1",
      "resolved": "https://artifacts.merck.com/artifactory/api/npm/npm-main-dev/deep-eql/-/deep-eql-3.0.1.tgz",
      "integrity": "sha1-38lARACtHI/gI+faHfHBR8S0RN8=",
      "dev": true,
      "license": "MIT",
      "dependencies": {
        "type-detect": "^4.0.0"
      },
      "engines": {
        "node": ">=0.12"
      }
    },
    "node_modules/esbuild": {
      "version": "0.15.9",
      "resolved": "https://artifacts.merck.com/artifactory/api/npm/npm-main-dev/esbuild/-/esbuild-0.15.9.tgz",
      "integrity": "sha1-M/sYtnuFAEtvdha+yVXKSz5Yk10=",
      "dev": true,
      "hasInstallScript": true,
      "license": "MIT",
      "bin": {
        "esbuild": "bin/esbuild"
      },
      "engines": {
        "node": ">=12"
      },
      "optionalDependencies": {
        "@esbuild/android-arm": "0.15.9",
        "@esbuild/linux-loong64": "0.15.9",
        "esbuild-android-64": "0.15.9",
        "esbuild-android-arm64": "0.15.9",
        "esbuild-darwin-64": "0.15.9",
        "esbuild-darwin-arm64": "0.15.9",
        "esbuild-freebsd-64": "0.15.9",
        "esbuild-freebsd-arm64": "0.15.9",
        "esbuild-linux-32": "0.15.9",
        "esbuild-linux-64": "0.15.9",
        "esbuild-linux-arm": "0.15.9",
        "esbuild-linux-arm64": "0.15.9",
        "esbuild-linux-mips64le": "0.15.9",
        "esbuild-linux-ppc64le": "0.15.9",
        "esbuild-linux-riscv64": "0.15.9",
        "esbuild-linux-s390x": "0.15.9",
        "esbuild-netbsd-64": "0.15.9",
        "esbuild-openbsd-64": "0.15.9",
        "esbuild-sunos-64": "0.15.9",
        "esbuild-windows-32": "0.15.9",
        "esbuild-windows-64": "0.15.9",
        "esbuild-windows-arm64": "0.15.9"
      }
    },
    "node_modules/esbuild-android-64": {
      "version": "0.15.9",
      "resolved": "https://artifacts.merck.com/artifactory/api/npm/npm-main-dev/esbuild-android-64/-/esbuild-android-64-0.15.9.tgz",
      "integrity": "sha1-Sn6zIMqNOjBfFHkgYf2WFMzrt8A=",
      "cpu": [
        "x64"
      ],
      "dev": true,
      "license": "MIT",
      "optional": true,
      "os": [
        "android"
      ],
      "engines": {
        "node": ">=12"
      }
    },
    "node_modules/esbuild-android-arm64": {
      "version": "0.15.9",
      "resolved": "https://artifacts.merck.com/artifactory/api/npm/npm-main-dev/esbuild-android-arm64/-/esbuild-android-arm64-0.15.9.tgz",
      "integrity": "sha1-yUjlaG3yCFetNh7GfgcNQNfKuYU=",
      "cpu": [
        "arm64"
      ],
      "dev": true,
      "license": "MIT",
      "optional": true,
      "os": [
        "android"
      ],
      "engines": {
        "node": ">=12"
      }
    },
    "node_modules/esbuild-darwin-64": {
      "version": "0.15.9",
      "resolved": "https://artifacts.merck.com/artifactory/api/npm/npm-main-dev/esbuild-darwin-64/-/esbuild-darwin-64-0.15.9.tgz",
      "integrity": "sha1-JfVk+ks5wc7ITcRrzlY0/bzh1eQ=",
      "cpu": [
        "x64"
      ],
      "dev": true,
      "license": "MIT",
      "optional": true,
      "os": [
        "darwin"
      ],
      "engines": {
        "node": ">=12"
      }
    },
    "node_modules/esbuild-darwin-arm64": {
      "version": "0.15.9",
      "resolved": "https://artifacts.merck.com/artifactory/api/npm/npm-main-dev/esbuild-darwin-arm64/-/esbuild-darwin-arm64-0.15.9.tgz",
      "integrity": "sha1-YPrqPtldFSOVNqqI0Gu4KyknioY=",
      "cpu": [
        "arm64"
      ],
      "dev": true,
      "license": "MIT",
      "optional": true,
      "os": [
        "darwin"
      ],
      "engines": {
        "node": ">=12"
      }
    },
    "node_modules/esbuild-freebsd-64": {
      "version": "0.15.9",
      "resolved": "https://artifacts.merck.com/artifactory/api/npm/npm-main-dev/esbuild-freebsd-64/-/esbuild-freebsd-64-0.15.9.tgz",
      "integrity": "sha1-AznvHJCpGRdeeBZ4giRReJZleg4=",
      "cpu": [
        "x64"
      ],
      "dev": true,
      "license": "MIT",
      "optional": true,
      "os": [
        "freebsd"
      ],
      "engines": {
        "node": ">=12"
      }
    },
    "node_modules/esbuild-freebsd-arm64": {
      "version": "0.15.9",
      "resolved": "https://artifacts.merck.com/artifactory/api/npm/npm-main-dev/esbuild-freebsd-arm64/-/esbuild-freebsd-arm64-0.15.9.tgz",
      "integrity": "sha1-Mqv8C+OuPdOOWoapvq27z1kvG1c=",
      "cpu": [
        "arm64"
      ],
      "dev": true,
      "license": "MIT",
      "optional": true,
      "os": [
        "freebsd"
      ],
      "engines": {
        "node": ">=12"
      }
    },
    "node_modules/esbuild-linux-32": {
      "version": "0.15.9",
      "resolved": "https://artifacts.merck.com/artifactory/api/npm/npm-main-dev/esbuild-linux-32/-/esbuild-linux-32-0.15.9.tgz",
      "integrity": "sha1-k1gTSKTaftKym8VTnyYFrX/O53s=",
      "cpu": [
        "ia32"
      ],
      "dev": true,
      "license": "MIT",
      "optional": true,
      "os": [
        "linux"
      ],
      "engines": {
        "node": ">=12"
      }
    },
    "node_modules/esbuild-linux-64": {
      "version": "0.15.9",
      "resolved": "https://artifacts.merck.com/artifactory/api/npm/npm-main-dev/esbuild-linux-64/-/esbuild-linux-64-0.15.9.tgz",
      "integrity": "sha1-DRceeUbJXQ0+1IJgJq8sVjLX3MQ=",
      "cpu": [
        "x64"
      ],
      "dev": true,
      "license": "MIT",
      "optional": true,
      "os": [
        "linux"
      ],
      "engines": {
        "node": ">=12"
      }
    },
    "node_modules/esbuild-linux-arm": {
      "version": "0.15.9",
      "resolved": "https://artifacts.merck.com/artifactory/api/npm/npm-main-dev/esbuild-linux-arm/-/esbuild-linux-arm-0.15.9.tgz",
      "integrity": "sha1-3Ols2Be8c3b2rzlnZJxKsfL3lQY=",
      "cpu": [
        "arm"
      ],
      "dev": true,
      "license": "MIT",
      "optional": true,
      "os": [
        "linux"
      ],
      "engines": {
        "node": ">=12"
      }
    },
    "node_modules/esbuild-linux-arm64": {
      "version": "0.15.9",
      "resolved": "https://artifacts.merck.com/artifactory/api/npm/npm-main-dev/esbuild-linux-arm64/-/esbuild-linux-arm64-0.15.9.tgz",
      "integrity": "sha1-mDh5Wjcgy+c207wgYhvTZurCLyQ=",
      "cpu": [
        "arm64"
      ],
      "dev": true,
      "license": "MIT",
      "optional": true,
      "os": [
        "linux"
      ],
      "engines": {
        "node": ">=12"
      }
    },
    "node_modules/esbuild-linux-mips64le": {
      "version": "0.15.9",
      "resolved": "https://artifacts.merck.com/artifactory/api/npm/npm-main-dev/esbuild-linux-mips64le/-/esbuild-linux-mips64le-0.15.9.tgz",
      "integrity": "sha1-AzWgc55hqpfLm0oBjj+s/Mqc3P0=",
      "cpu": [
        "mips64el"
      ],
      "dev": true,
      "license": "MIT",
      "optional": true,
      "os": [
        "linux"
      ],
      "engines": {
        "node": ">=12"
      }
    },
    "node_modules/esbuild-linux-ppc64le": {
      "version": "0.15.9",
      "resolved": "https://artifacts.merck.com/artifactory/api/npm/npm-main-dev/esbuild-linux-ppc64le/-/esbuild-linux-ppc64le-0.15.9.tgz",
      "integrity": "sha1-GEgq+5W4pwXi2gpZ1xMb/yISgfk=",
      "cpu": [
        "ppc64"
      ],
      "dev": true,
      "license": "MIT",
      "optional": true,
      "os": [
        "linux"
      ],
      "engines": {
        "node": ">=12"
      }
    },
    "node_modules/esbuild-linux-riscv64": {
      "version": "0.15.9",
      "resolved": "https://artifacts.merck.com/artifactory/api/npm/npm-main-dev/esbuild-linux-riscv64/-/esbuild-linux-riscv64-0.15.9.tgz",
      "integrity": "sha1-A7b5cIJywRcAa5zhya6Kq5G1pbY=",
      "cpu": [
        "riscv64"
      ],
      "dev": true,
      "license": "MIT",
      "optional": true,
      "os": [
        "linux"
      ],
      "engines": {
        "node": ">=12"
      }
    },
    "node_modules/esbuild-linux-s390x": {
      "version": "0.15.9",
      "resolved": "https://artifacts.merck.com/artifactory/api/npm/npm-main-dev/esbuild-linux-s390x/-/esbuild-linux-s390x-0.15.9.tgz",
      "integrity": "sha1-ZftkViPVdXgPFV8O5Sk15i+cyk8=",
      "cpu": [
        "s390x"
      ],
      "dev": true,
      "license": "MIT",
      "optional": true,
      "os": [
        "linux"
      ],
      "engines": {
        "node": ">=12"
      }
    },
    "node_modules/esbuild-netbsd-64": {
      "version": "0.15.9",
      "resolved": "https://artifacts.merck.com/artifactory/api/npm/npm-main-dev/esbuild-netbsd-64/-/esbuild-netbsd-64-0.15.9.tgz",
      "integrity": "sha1-eJQpe7nhHz0vbzHv7NG+ThgfDVQ=",
      "cpu": [
        "x64"
      ],
      "dev": true,
      "license": "MIT",
      "optional": true,
      "os": [
        "netbsd"
      ],
      "engines": {
        "node": ">=12"
      }
    },
    "node_modules/esbuild-openbsd-64": {
      "version": "0.15.9",
      "resolved": "https://artifacts.merck.com/artifactory/api/npm/npm-main-dev/esbuild-openbsd-64/-/esbuild-openbsd-64-0.15.9.tgz",
      "integrity": "sha1-D51Ma2dyrlDUkdaK1MwCgwDdp8A=",
      "cpu": [
        "x64"
      ],
      "dev": true,
      "license": "MIT",
      "optional": true,
      "os": [
        "openbsd"
      ],
      "engines": {
        "node": ">=12"
      }
    },
    "node_modules/esbuild-sunos-64": {
      "version": "0.15.9",
      "resolved": "https://artifacts.merck.com/artifactory/api/npm/npm-main-dev/esbuild-sunos-64/-/esbuild-sunos-64-0.15.9.tgz",
      "integrity": "sha1-wyt85XSwj4FN6BDOfB40uEN2gSY=",
      "cpu": [
        "x64"
      ],
      "dev": true,
      "license": "MIT",
      "optional": true,
      "os": [
        "sunos"
      ],
      "engines": {
        "node": ">=12"
      }
    },
    "node_modules/esbuild-windows-32": {
      "version": "0.15.9",
      "resolved": "https://artifacts.merck.com/artifactory/api/npm/npm-main-dev/esbuild-windows-32/-/esbuild-windows-32-0.15.9.tgz",
      "integrity": "sha1-N6j3z8zbIXfNRmE6Gh4fy0GdNt8=",
      "cpu": [
        "ia32"
      ],
      "dev": true,
      "license": "MIT",
      "optional": true,
      "os": [
        "win32"
      ],
      "engines": {
        "node": ">=12"
      }
    },
    "node_modules/esbuild-windows-64": {
      "version": "0.15.9",
      "resolved": "https://artifacts.merck.com/artifactory/api/npm/npm-main-dev/esbuild-windows-64/-/esbuild-windows-64-0.15.9.tgz",
      "integrity": "sha1-X+Hnb8E91/Ug/r7K6hELbxZJx7I=",
      "cpu": [
        "x64"
      ],
      "dev": true,
      "license": "MIT",
      "optional": true,
      "os": [
        "win32"
      ],
      "engines": {
        "node": ">=12"
      }
    },
    "node_modules/esbuild-windows-arm64": {
      "version": "0.15.9",
      "resolved": "https://artifacts.merck.com/artifactory/api/npm/npm-main-dev/esbuild-windows-arm64/-/esbuild-windows-arm64-0.15.9.tgz",
      "integrity": "sha1-mFBEKPe6fSz8EZQL5o7hE5Fz/c4=",
      "cpu": [
        "arm64"
      ],
      "dev": true,
      "license": "MIT",
      "optional": true,
      "os": [
        "win32"
      ],
      "engines": {
        "node": ">=12"
      }
    },
    "node_modules/fsevents": {
      "version": "2.3.2",
      "resolved": "https://artifacts.merck.com/artifactory/api/npm/npm-main-dev/fsevents/-/fsevents-2.3.2.tgz",
      "integrity": "sha1-ilJveLj99GI7cJ4Ll1xSwkwC/Ro=",
      "dev": true,
      "hasInstallScript": true,
      "license": "MIT",
      "optional": true,
      "os": [
        "darwin"
      ],
      "engines": {
        "node": "^8.16.0 || ^10.6.0 || >=11.0.0"
      }
    },
    "node_modules/function-bind": {
      "version": "1.1.1",
      "resolved": "https://artifacts.merck.com/artifactory/api/npm/npm-main-dev/function-bind/-/function-bind-1.1.1.tgz",
      "integrity": "sha1-pWiZ0+o8m6uHS7l3O3xe3pL0iV0=",
      "dev": true,
      "license": "MIT"
    },
    "node_modules/get-func-name": {
      "version": "2.0.0",
      "resolved": "https://artifacts.merck.com/artifactory/api/npm/npm-main-dev/get-func-name/-/get-func-name-2.0.0.tgz",
      "integrity": "sha1-6td0q+5y4gQJQzoGY2YCPdaIekE=",
      "dev": true,
      "license": "MIT",
      "engines": {
        "node": "*"
      }
    },
    "node_modules/has": {
      "version": "1.0.3",
      "resolved": "https://artifacts.merck.com/artifactory/api/npm/npm-main-dev/has/-/has-1.0.3.tgz",
      "integrity": "sha1-ci18v8H2qoJB8W3YFOAR4fQeh5Y=",
      "dev": true,
      "license": "MIT",
      "dependencies": {
        "function-bind": "^1.1.1"
      },
      "engines": {
        "node": ">= 0.4.0"
      }
    },
    "node_modules/is-core-module": {
      "version": "2.10.0",
      "resolved": "https://artifacts.merck.com/artifactory/api/npm/npm-main-dev/is-core-module/-/is-core-module-2.10.0.tgz",
      "integrity": "sha1-kBLt4KkcaVh+ZHUU4dUncBnnKO0=",
      "dev": true,
      "license": "MIT",
      "dependencies": {
        "has": "^1.0.3"
      },
      "funding": {
        "url": "https://github.com/sponsors/ljharb"
      }
    },
    "node_modules/local-pkg": {
      "version": "0.4.2",
      "resolved": "https://artifacts.merck.com/artifactory/api/npm/npm-main-dev/local-pkg/-/local-pkg-0.4.2.tgz",
      "integrity": "sha1-ExBzELd+dKDlExR6ExoroogXbC8=",
      "dev": true,
      "license": "MIT",
      "engines": {
        "node": ">=14"
      },
      "funding": {
        "url": "https://github.com/sponsors/antfu"
      }
    },
    "node_modules/loupe": {
      "version": "2.3.4",
      "resolved": "https://artifacts.merck.com/artifactory/api/npm/npm-main-dev/loupe/-/loupe-2.3.4.tgz",
      "integrity": "sha1-fgub/8dvFI+b52nLEyHT3PPLJfM=",
      "dev": true,
      "license": "MIT",
      "dependencies": {
        "get-func-name": "^2.0.0"
      }
    },
    "node_modules/ms": {
      "version": "2.1.2",
      "resolved": "https://artifacts.merck.com/artifactory/api/npm/npm-main-dev/ms/-/ms-2.1.2.tgz",
      "integrity": "sha1-0J0fNXtEP0kzgqjrPM0YOHKuYAk=",
      "dev": true,
      "license": "MIT"
    },
    "node_modules/nanoid": {
      "version": "3.3.4",
      "resolved": "https://artifacts.merck.com/artifactory/api/npm/npm-main-dev/nanoid/-/nanoid-3.3.4.tgz",
      "integrity": "sha1-cwtn480J4t6s8DwCfIHJ2dvF6Ks=",
      "dev": true,
      "license": "MIT",
      "bin": {
        "nanoid": "bin/nanoid.cjs"
      },
      "engines": {
        "node": "^10 || ^12 || ^13.7 || ^14 || >=15.0.1"
      }
    },
    "node_modules/path-parse": {
      "version": "1.0.7",
      "resolved": "https://artifacts.merck.com/artifactory/api/npm/npm-main-dev/path-parse/-/path-parse-1.0.7.tgz",
      "integrity": "sha1-+8EUtgykKzDZ2vWFjkvWi77bZzU=",
      "dev": true,
      "license": "MIT"
    },
    "node_modules/pathval": {
      "version": "1.1.1",
      "resolved": "https://artifacts.merck.com/artifactory/api/npm/npm-main-dev/pathval/-/pathval-1.1.1.tgz",
      "integrity": "sha1-hTTnenfOesWiUS6iHg/bj89sPY0=",
      "dev": true,
      "license": "MIT",
      "engines": {
        "node": "*"
      }
    },
    "node_modules/picocolors": {
      "version": "1.0.0",
      "resolved": "https://artifacts.merck.com/artifactory/api/npm/npm-main-dev/picocolors/-/picocolors-1.0.0.tgz",
      "integrity": "sha1-y1vcdP8/UYkiNur3nWi8RFZKuBw=",
      "dev": true,
      "license": "ISC"
    },
    "node_modules/postcss": {
      "version": "8.4.16",
      "resolved": "https://artifacts.merck.com/artifactory/api/npm/npm-main-dev/postcss/-/postcss-8.4.16.tgz",
      "integrity": "sha1-M6HWdfrDmUH19EXbDeTbK24B1Dw=",
      "dev": true,
      "funding": [
        {
          "type": "opencollective",
          "url": "https://opencollective.com/postcss/"
        },
        {
          "type": "tidelift",
          "url": "https://tidelift.com/funding/github/npm/postcss"
        }
      ],
      "license": "MIT",
      "dependencies": {
        "nanoid": "^3.3.4",
        "picocolors": "^1.0.0",
        "source-map-js": "^1.0.2"
      },
      "engines": {
        "node": "^10 || ^12 || >=14"
      }
    },
    "node_modules/resolve": {
      "version": "1.22.1",
      "resolved": "https://artifacts.merck.com/artifactory/api/npm/npm-main-dev/resolve/-/resolve-1.22.1.tgz",
      "integrity": "sha1-J8suu1P5GrtJRwqSi7p1WAZqwXc=",
      "dev": true,
      "license": "MIT",
      "dependencies": {
        "is-core-module": "^2.9.0",
        "path-parse": "^1.0.7",
        "supports-preserve-symlinks-flag": "^1.0.0"
      },
      "bin": {
        "resolve": "bin/resolve"
      },
      "funding": {
        "url": "https://github.com/sponsors/ljharb"
      }
    },
    "node_modules/rollup": {
      "version": "2.78.1",
      "resolved": "https://artifacts.merck.com/artifactory/api/npm/npm-main-dev/rollup/-/rollup-2.78.1.tgz",
      "integrity": "sha1-Uv45NNnIPLT3xMtft12IWRvoZI8=",
      "dev": true,
      "license": "MIT",
      "bin": {
        "rollup": "dist/bin/rollup"
      },
      "engines": {
        "node": ">=10.0.0"
      },
      "optionalDependencies": {
        "fsevents": "~2.3.2"
      }
    },
    "node_modules/source-map-js": {
      "version": "1.0.2",
      "resolved": "https://artifacts.merck.com/artifactory/api/npm/npm-main-dev/source-map-js/-/source-map-js-1.0.2.tgz",
      "integrity": "sha1-rbw2HZxi3zgBJefxYfccgm8eSQw=",
      "dev": true,
      "license": "BSD-3-Clause",
      "engines": {
        "node": ">=0.10.0"
      }
    },
    "node_modules/strip-literal": {
      "version": "0.4.2",
      "resolved": "https://artifacts.merck.com/artifactory/api/npm/npm-main-dev/strip-literal/-/strip-literal-0.4.2.tgz",
      "integrity": "sha1-T5+mw4uxV7kk6aznFV6/iiNCy88=",
      "dev": true,
      "license": "MIT",
      "dependencies": {
        "acorn": "^8.8.0"
      },
      "funding": {
        "url": "https://github.com/sponsors/antfu"
      }
    },
    "node_modules/supports-preserve-symlinks-flag": {
      "version": "1.0.0",
      "resolved": "https://artifacts.merck.com/artifactory/api/npm/npm-main-dev/supports-preserve-symlinks-flag/-/supports-preserve-symlinks-flag-1.0.0.tgz",
      "integrity": "sha1-btpL00SjyUrqN21MwxvHcxEDngk=",
      "dev": true,
      "license": "MIT",
      "engines": {
        "node": ">= 0.4"
      },
      "funding": {
        "url": "https://github.com/sponsors/ljharb"
      }
    },
    "node_modules/tinybench": {
      "version": "2.2.1",
      "resolved": "https://artifacts.merck.com/artifactory/api/npm/npm-main-dev/tinybench/-/tinybench-2.2.1.tgz",
      "integrity": "sha1-WS4tqA4N5izFyUVDNax/EyszW2w=",
      "dev": true,
      "license": "MIT"
    },
    "node_modules/tinypool": {
      "version": "0.3.0",
      "resolved": "https://artifacts.merck.com/artifactory/api/npm/npm-main-dev/tinypool/-/tinypool-0.3.0.tgz",
      "integrity": "sha1-xAXYt0NQn8KOpMo1hDMZC+ZU+Bk=",
      "dev": true,
      "license": "MIT",
      "engines": {
        "node": ">=14.0.0"
      }
    },
    "node_modules/tinyspy": {
      "version": "1.0.2",
      "resolved": "https://artifacts.merck.com/artifactory/api/npm/npm-main-dev/tinyspy/-/tinyspy-1.0.2.tgz",
      "integrity": "sha1-baCzkYv9VhcPs806K174Mu4d/w0=",
      "dev": true,
      "license": "MIT",
      "engines": {
        "node": ">=14.0.0"
      }
    },
    "node_modules/type-detect": {
      "version": "4.0.8",
      "resolved": "https://artifacts.merck.com/artifactory/api/npm/npm-main-dev/type-detect/-/type-detect-4.0.8.tgz",
      "integrity": "sha1-dkb7XxiHHPu3dJ5pvTmmOI63RQw=",
      "dev": true,
      "license": "MIT",
      "engines": {
        "node": ">=4"
      }
    },
    "node_modules/typescript": {
      "version": "4.8.4",
      "resolved": "https://artifacts.merck.com/artifactory/api/npm/npm-main-dev/typescript/-/typescript-4.8.4.tgz",
      "integrity": "sha1-xGSryhWWaVl75flriUNQCyOOYOY=",
      "dev": true,
      "license": "Apache-2.0",
      "bin": {
        "tsc": "bin/tsc",
        "tsserver": "bin/tsserver"
      },
      "engines": {
        "node": ">=4.2.0"
      }
    },
    "node_modules/vite": {
      "version": "3.1.4",
      "resolved": "https://artifacts.merck.com/artifactory/api/npm/npm-main-dev/vite/-/vite-3.1.4.tgz",
      "integrity": "sha1-t1gkuBnYNUpvNuS5iJQ8fklH4VU=",
      "dev": true,
      "license": "MIT",
      "dependencies": {
        "esbuild": "^0.15.6",
        "postcss": "^8.4.16",
        "resolve": "^1.22.1",
        "rollup": "~2.78.0"
      },
      "bin": {
        "vite": "bin/vite.js"
      },
      "engines": {
        "node": "^14.18.0 || >=16.0.0"
      },
      "optionalDependencies": {
        "fsevents": "~2.3.2"
      },
      "peerDependencies": {
        "less": "*",
        "sass": "*",
        "stylus": "*",
        "terser": "^5.4.0"
      },
      "peerDependenciesMeta": {
        "less": {
          "optional": true
        },
        "sass": {
          "optional": true
        },
        "stylus": {
          "optional": true
        },
        "terser": {
          "optional": true
        }
      }
    },
    "node_modules/vitest": {
      "version": "0.23.4",
      "resolved": "https://artifacts.merck.com/artifactory/api/npm/npm-main-dev/vitest/-/vitest-0.23.4.tgz",
      "integrity": "sha1-fr6mIPID9N8JonyheBncnaYfiO8=",
      "dev": true,
      "license": "MIT",
      "dependencies": {
        "@types/chai": "^4.3.3",
        "@types/chai-subset": "^1.3.3",
        "@types/node": "*",
        "chai": "^4.3.6",
        "debug": "^4.3.4",
        "local-pkg": "^0.4.2",
        "strip-literal": "^0.4.1",
        "tinybench": "^2.1.5",
        "tinypool": "^0.3.0",
        "tinyspy": "^1.0.2",
        "vite": "^2.9.12 || ^3.0.0-0"
      },
      "bin": {
        "vitest": "vitest.mjs"
      },
      "engines": {
        "node": ">=v14.16.0"
      },
      "funding": {
        "url": "https://github.com/sponsors/antfu"
      },
      "peerDependencies": {
        "@edge-runtime/vm": "*",
        "@vitest/browser": "*",
        "@vitest/ui": "*",
        "happy-dom": "*",
        "jsdom": "*"
      },
      "peerDependenciesMeta": {
        "@edge-runtime/vm": {
          "optional": true
        },
        "@vitest/browser": {
          "optional": true
        },
        "@vitest/ui": {
          "optional": true
        },
        "happy-dom": {
          "optional": true
        },
        "jsdom": {
          "optional": true
        }
      }
    }
  },
  "dependencies": {
    "@esbuild/android-arm": {
      "version": "0.15.9",
      "resolved": "https://artifacts.merck.com/artifactory/api/npm/npm-main-dev/@esbuild/android-arm/-/android-arm-0.15.9.tgz",
      "integrity": "sha1-fhIhYEq4jtUCHq10+ozKRAXh5DE=",
      "dev": true,
      "optional": true
    },
    "@esbuild/linux-loong64": {
      "version": "0.15.9",
      "resolved": "https://artifacts.merck.com/artifactory/api/npm/npm-main-dev/@esbuild/linux-loong64/-/linux-loong64-0.15.9.tgz",
      "integrity": "sha1-tlipe6vx9AeDNUr3A5uEw/38P8M=",
      "dev": true,
      "optional": true
    },
    "@types/chai": {
      "version": "4.3.3",
      "resolved": "https://artifacts.merck.com/artifactory/api/npm/npm-main-dev/@types/chai/-/chai-4.3.3.tgz",
      "integrity": "sha1-PJB1J5JmDEtWKtc7P71ovzvHrgc=",
      "dev": true
    },
    "@types/chai-subset": {
      "version": "1.3.3",
      "resolved": "https://artifacts.merck.com/artifactory/api/npm/npm-main-dev/@types/chai-subset/-/chai-subset-1.3.3.tgz",
      "integrity": "sha1-l4k4FOkqvSxTTeQiyzd+DgvarJQ=",
      "dev": true,
      "requires": {
        "@types/chai": "*"
      }
    },
    "@types/node": {
      "version": "18.7.23",
      "resolved": "https://artifacts.merck.com/artifactory/api/npm/npm-main-dev/@types/node/-/node-18.7.23.tgz",
      "integrity": "sha1-dcWAmDhGGB6+X0q8QP6d+y1lZl8=",
      "dev": true
    },
    "acorn": {
      "version": "8.8.0",
      "resolved": "https://artifacts.merck.com/artifactory/api/npm/npm-main-dev/acorn/-/acorn-8.8.0.tgz",
      "integrity": "sha1-iMAYdiBDXH9gFYA/VTna4Fqdvqg=",
      "dev": true
    },
    "assertion-error": {
      "version": "1.1.0",
      "resolved": "https://artifacts.merck.com/artifactory/api/npm/npm-main-dev/assertion-error/-/assertion-error-1.1.0.tgz",
      "integrity": "sha1-5gtrDo8wG9l+U3UhW9pAbIURjAs=",
      "dev": true
    },
    "chai": {
      "version": "4.3.6",
      "resolved": "https://artifacts.merck.com/artifactory/api/npm/npm-main-dev/chai/-/chai-4.3.6.tgz",
      "integrity": "sha1-/+S6LZ+p1mgMwLNwra5wnskBHpw=",
      "dev": true,
      "requires": {
        "assertion-error": "^1.1.0",
        "check-error": "^1.0.2",
        "deep-eql": "^3.0.1",
        "get-func-name": "^2.0.0",
        "loupe": "^2.3.1",
        "pathval": "^1.1.1",
        "type-detect": "^4.0.5"
      }
    },
    "check-error": {
      "version": "1.0.2",
      "resolved": "https://artifacts.merck.com/artifactory/api/npm/npm-main-dev/check-error/-/check-error-1.0.2.tgz",
      "integrity": "sha1-V00xLt2Iu13YkS6Sht1sCu1KrII=",
      "dev": true
    },
    "debug": {
      "version": "4.3.4",
      "resolved": "https://artifacts.merck.com/artifactory/api/npm/npm-main-dev/debug/-/debug-4.3.4.tgz",
      "integrity": "sha1-Exn2V5NX8jONMzfSzdSRS7XcyGU=",
      "dev": true,
      "requires": {
        "ms": "2.1.2"
      }
    },
    "deep-eql": {
      "version": "3.0.1",
      "resolved": "https://artifacts.merck.com/artifactory/api/npm/npm-main-dev/deep-eql/-/deep-eql-3.0.1.tgz",
      "integrity": "sha1-38lARACtHI/gI+faHfHBR8S0RN8=",
      "dev": true,
      "requires": {
        "type-detect": "^4.0.0"
      }
    },
    "esbuild": {
      "version": "0.15.9",
      "resolved": "https://artifacts.merck.com/artifactory/api/npm/npm-main-dev/esbuild/-/esbuild-0.15.9.tgz",
      "integrity": "sha1-M/sYtnuFAEtvdha+yVXKSz5Yk10=",
      "dev": true,
      "requires": {
        "@esbuild/android-arm": "0.15.9",
        "@esbuild/linux-loong64": "0.15.9",
        "esbuild-android-64": "0.15.9",
        "esbuild-android-arm64": "0.15.9",
        "esbuild-darwin-64": "0.15.9",
        "esbuild-darwin-arm64": "0.15.9",
        "esbuild-freebsd-64": "0.15.9",
        "esbuild-freebsd-arm64": "0.15.9",
        "esbuild-linux-32": "0.15.9",
        "esbuild-linux-64": "0.15.9",
        "esbuild-linux-arm": "0.15.9",
        "esbuild-linux-arm64": "0.15.9",
        "esbuild-linux-mips64le": "0.15.9",
        "esbuild-linux-ppc64le": "0.15.9",
        "esbuild-linux-riscv64": "0.15.9",
        "esbuild-linux-s390x": "0.15.9",
        "esbuild-netbsd-64": "0.15.9",
        "esbuild-openbsd-64": "0.15.9",
        "esbuild-sunos-64": "0.15.9",
        "esbuild-windows-32": "0.15.9",
        "esbuild-windows-64": "0.15.9",
        "esbuild-windows-arm64": "0.15.9"
      }
    },
    "esbuild-android-64": {
      "version": "0.15.9",
      "resolved": "https://artifacts.merck.com/artifactory/api/npm/npm-main-dev/esbuild-android-64/-/esbuild-android-64-0.15.9.tgz",
      "integrity": "sha1-Sn6zIMqNOjBfFHkgYf2WFMzrt8A=",
      "dev": true,
      "optional": true
    },
    "esbuild-android-arm64": {
      "version": "0.15.9",
      "resolved": "https://artifacts.merck.com/artifactory/api/npm/npm-main-dev/esbuild-android-arm64/-/esbuild-android-arm64-0.15.9.tgz",
      "integrity": "sha1-yUjlaG3yCFetNh7GfgcNQNfKuYU=",
      "dev": true,
      "optional": true
    },
    "esbuild-darwin-64": {
      "version": "0.15.9",
      "resolved": "https://artifacts.merck.com/artifactory/api/npm/npm-main-dev/esbuild-darwin-64/-/esbuild-darwin-64-0.15.9.tgz",
      "integrity": "sha1-JfVk+ks5wc7ITcRrzlY0/bzh1eQ=",
      "dev": true,
      "optional": true
    },
    "esbuild-darwin-arm64": {
      "version": "0.15.9",
      "resolved": "https://artifacts.merck.com/artifactory/api/npm/npm-main-dev/esbuild-darwin-arm64/-/esbuild-darwin-arm64-0.15.9.tgz",
      "integrity": "sha1-YPrqPtldFSOVNqqI0Gu4KyknioY=",
      "dev": true,
      "optional": true
    },
    "esbuild-freebsd-64": {
      "version": "0.15.9",
      "resolved": "https://artifacts.merck.com/artifactory/api/npm/npm-main-dev/esbuild-freebsd-64/-/esbuild-freebsd-64-0.15.9.tgz",
      "integrity": "sha1-AznvHJCpGRdeeBZ4giRReJZleg4=",
      "dev": true,
      "optional": true
    },
    "esbuild-freebsd-arm64": {
      "version": "0.15.9",
      "resolved": "https://artifacts.merck.com/artifactory/api/npm/npm-main-dev/esbuild-freebsd-arm64/-/esbuild-freebsd-arm64-0.15.9.tgz",
      "integrity": "sha1-Mqv8C+OuPdOOWoapvq27z1kvG1c=",
      "dev": true,
      "optional": true
    },
    "esbuild-linux-32": {
      "version": "0.15.9",
      "resolved": "https://artifacts.merck.com/artifactory/api/npm/npm-main-dev/esbuild-linux-32/-/esbuild-linux-32-0.15.9.tgz",
      "integrity": "sha1-k1gTSKTaftKym8VTnyYFrX/O53s=",
      "dev": true,
      "optional": true
    },
    "esbuild-linux-64": {
      "version": "0.15.9",
      "resolved": "https://artifacts.merck.com/artifactory/api/npm/npm-main-dev/esbuild-linux-64/-/esbuild-linux-64-0.15.9.tgz",
      "integrity": "sha1-DRceeUbJXQ0+1IJgJq8sVjLX3MQ=",
      "dev": true,
      "optional": true
    },
    "esbuild-linux-arm": {
      "version": "0.15.9",
      "resolved": "https://artifacts.merck.com/artifactory/api/npm/npm-main-dev/esbuild-linux-arm/-/esbuild-linux-arm-0.15.9.tgz",
      "integrity": "sha1-3Ols2Be8c3b2rzlnZJxKsfL3lQY=",
      "dev": true,
      "optional": true
    },
    "esbuild-linux-arm64": {
      "version": "0.15.9",
      "resolved": "https://artifacts.merck.com/artifactory/api/npm/npm-main-dev/esbuild-linux-arm64/-/esbuild-linux-arm64-0.15.9.tgz",
      "integrity": "sha1-mDh5Wjcgy+c207wgYhvTZurCLyQ=",
      "dev": true,
      "optional": true
    },
    "esbuild-linux-mips64le": {
      "version": "0.15.9",
      "resolved": "https://artifacts.merck.com/artifactory/api/npm/npm-main-dev/esbuild-linux-mips64le/-/esbuild-linux-mips64le-0.15.9.tgz",
      "integrity": "sha1-AzWgc55hqpfLm0oBjj+s/Mqc3P0=",
      "dev": true,
      "optional": true
    },
    "esbuild-linux-ppc64le": {
      "version": "0.15.9",
      "resolved": "https://artifacts.merck.com/artifactory/api/npm/npm-main-dev/esbuild-linux-ppc64le/-/esbuild-linux-ppc64le-0.15.9.tgz",
      "integrity": "sha1-GEgq+5W4pwXi2gpZ1xMb/yISgfk=",
      "dev": true,
      "optional": true
    },
    "esbuild-linux-riscv64": {
      "version": "0.15.9",
      "resolved": "https://artifacts.merck.com/artifactory/api/npm/npm-main-dev/esbuild-linux-riscv64/-/esbuild-linux-riscv64-0.15.9.tgz",
      "integrity": "sha1-A7b5cIJywRcAa5zhya6Kq5G1pbY=",
      "dev": true,
      "optional": true
    },
    "esbuild-linux-s390x": {
      "version": "0.15.9",
      "resolved": "https://artifacts.merck.com/artifactory/api/npm/npm-main-dev/esbuild-linux-s390x/-/esbuild-linux-s390x-0.15.9.tgz",
      "integrity": "sha1-ZftkViPVdXgPFV8O5Sk15i+cyk8=",
      "dev": true,
      "optional": true
    },
    "esbuild-netbsd-64": {
      "version": "0.15.9",
      "resolved": "https://artifacts.merck.com/artifactory/api/npm/npm-main-dev/esbuild-netbsd-64/-/esbuild-netbsd-64-0.15.9.tgz",
      "integrity": "sha1-eJQpe7nhHz0vbzHv7NG+ThgfDVQ=",
      "dev": true,
      "optional": true
    },
    "esbuild-openbsd-64": {
      "version": "0.15.9",
      "resolved": "https://artifacts.merck.com/artifactory/api/npm/npm-main-dev/esbuild-openbsd-64/-/esbuild-openbsd-64-0.15.9.tgz",
      "integrity": "sha1-D51Ma2dyrlDUkdaK1MwCgwDdp8A=",
      "dev": true,
      "optional": true
    },
    "esbuild-sunos-64": {
      "version": "0.15.9",
      "resolved": "https://artifacts.merck.com/artifactory/api/npm/npm-main-dev/esbuild-sunos-64/-/esbuild-sunos-64-0.15.9.tgz",
      "integrity": "sha1-wyt85XSwj4FN6BDOfB40uEN2gSY=",
      "dev": true,
      "optional": true
    },
    "esbuild-windows-32": {
      "version": "0.15.9",
      "resolved": "https://artifacts.merck.com/artifactory/api/npm/npm-main-dev/esbuild-windows-32/-/esbuild-windows-32-0.15.9.tgz",
      "integrity": "sha1-N6j3z8zbIXfNRmE6Gh4fy0GdNt8=",
      "dev": true,
      "optional": true
    },
    "esbuild-windows-64": {
      "version": "0.15.9",
      "resolved": "https://artifacts.merck.com/artifactory/api/npm/npm-main-dev/esbuild-windows-64/-/esbuild-windows-64-0.15.9.tgz",
      "integrity": "sha1-X+Hnb8E91/Ug/r7K6hELbxZJx7I=",
      "dev": true,
      "optional": true
    },
    "esbuild-windows-arm64": {
      "version": "0.15.9",
      "resolved": "https://artifacts.merck.com/artifactory/api/npm/npm-main-dev/esbuild-windows-arm64/-/esbuild-windows-arm64-0.15.9.tgz",
      "integrity": "sha1-mFBEKPe6fSz8EZQL5o7hE5Fz/c4=",
      "dev": true,
      "optional": true
    },
    "fsevents": {
      "version": "2.3.2",
      "resolved": "https://artifacts.merck.com/artifactory/api/npm/npm-main-dev/fsevents/-/fsevents-2.3.2.tgz",
      "integrity": "sha1-ilJveLj99GI7cJ4Ll1xSwkwC/Ro=",
      "dev": true,
      "optional": true
    },
    "function-bind": {
      "version": "1.1.1",
      "resolved": "https://artifacts.merck.com/artifactory/api/npm/npm-main-dev/function-bind/-/function-bind-1.1.1.tgz",
      "integrity": "sha1-pWiZ0+o8m6uHS7l3O3xe3pL0iV0=",
      "dev": true
    },
    "get-func-name": {
      "version": "2.0.0",
      "resolved": "https://artifacts.merck.com/artifactory/api/npm/npm-main-dev/get-func-name/-/get-func-name-2.0.0.tgz",
      "integrity": "sha1-6td0q+5y4gQJQzoGY2YCPdaIekE=",
      "dev": true
    },
    "has": {
      "version": "1.0.3",
      "resolved": "https://artifacts.merck.com/artifactory/api/npm/npm-main-dev/has/-/has-1.0.3.tgz",
      "integrity": "sha1-ci18v8H2qoJB8W3YFOAR4fQeh5Y=",
      "dev": true,
      "requires": {
        "function-bind": "^1.1.1"
      }
    },
    "is-core-module": {
      "version": "2.10.0",
      "resolved": "https://artifacts.merck.com/artifactory/api/npm/npm-main-dev/is-core-module/-/is-core-module-2.10.0.tgz",
      "integrity": "sha1-kBLt4KkcaVh+ZHUU4dUncBnnKO0=",
      "dev": true,
      "requires": {
        "has": "^1.0.3"
      }
    },
    "local-pkg": {
      "version": "0.4.2",
      "resolved": "https://artifacts.merck.com/artifactory/api/npm/npm-main-dev/local-pkg/-/local-pkg-0.4.2.tgz",
      "integrity": "sha1-ExBzELd+dKDlExR6ExoroogXbC8=",
      "dev": true
    },
    "loupe": {
      "version": "2.3.4",
      "resolved": "https://artifacts.merck.com/artifactory/api/npm/npm-main-dev/loupe/-/loupe-2.3.4.tgz",
      "integrity": "sha1-fgub/8dvFI+b52nLEyHT3PPLJfM=",
      "dev": true,
      "requires": {
        "get-func-name": "^2.0.0"
      }
    },
    "ms": {
      "version": "2.1.2",
      "resolved": "https://artifacts.merck.com/artifactory/api/npm/npm-main-dev/ms/-/ms-2.1.2.tgz",
      "integrity": "sha1-0J0fNXtEP0kzgqjrPM0YOHKuYAk=",
      "dev": true
    },
    "nanoid": {
      "version": "3.3.4",
      "resolved": "https://artifacts.merck.com/artifactory/api/npm/npm-main-dev/nanoid/-/nanoid-3.3.4.tgz",
      "integrity": "sha1-cwtn480J4t6s8DwCfIHJ2dvF6Ks=",
      "dev": true
    },
    "path-parse": {
      "version": "1.0.7",
      "resolved": "https://artifacts.merck.com/artifactory/api/npm/npm-main-dev/path-parse/-/path-parse-1.0.7.tgz",
      "integrity": "sha1-+8EUtgykKzDZ2vWFjkvWi77bZzU=",
      "dev": true
    },
    "pathval": {
      "version": "1.1.1",
      "resolved": "https://artifacts.merck.com/artifactory/api/npm/npm-main-dev/pathval/-/pathval-1.1.1.tgz",
      "integrity": "sha1-hTTnenfOesWiUS6iHg/bj89sPY0=",
      "dev": true
    },
    "picocolors": {
      "version": "1.0.0",
      "resolved": "https://artifacts.merck.com/artifactory/api/npm/npm-main-dev/picocolors/-/picocolors-1.0.0.tgz",
      "integrity": "sha1-y1vcdP8/UYkiNur3nWi8RFZKuBw=",
      "dev": true
    },
    "postcss": {
      "version": "8.4.16",
      "resolved": "https://artifacts.merck.com/artifactory/api/npm/npm-main-dev/postcss/-/postcss-8.4.16.tgz",
      "integrity": "sha1-M6HWdfrDmUH19EXbDeTbK24B1Dw=",
      "dev": true,
      "requires": {
        "nanoid": "^3.3.4",
        "picocolors": "^1.0.0",
        "source-map-js": "^1.0.2"
      }
    },
    "resolve": {
      "version": "1.22.1",
      "resolved": "https://artifacts.merck.com/artifactory/api/npm/npm-main-dev/resolve/-/resolve-1.22.1.tgz",
      "integrity": "sha1-J8suu1P5GrtJRwqSi7p1WAZqwXc=",
      "dev": true,
      "requires": {
        "is-core-module": "^2.9.0",
        "path-parse": "^1.0.7",
        "supports-preserve-symlinks-flag": "^1.0.0"
      }
    },
    "rollup": {
      "version": "2.78.1",
      "resolved": "https://artifacts.merck.com/artifactory/api/npm/npm-main-dev/rollup/-/rollup-2.78.1.tgz",
      "integrity": "sha1-Uv45NNnIPLT3xMtft12IWRvoZI8=",
      "dev": true,
      "requires": {
        "fsevents": "~2.3.2"
      }
    },
    "source-map-js": {
      "version": "1.0.2",
      "resolved": "https://artifacts.merck.com/artifactory/api/npm/npm-main-dev/source-map-js/-/source-map-js-1.0.2.tgz",
      "integrity": "sha1-rbw2HZxi3zgBJefxYfccgm8eSQw=",
      "dev": true
    },
    "strip-literal": {
      "version": "0.4.2",
      "resolved": "https://artifacts.merck.com/artifactory/api/npm/npm-main-dev/strip-literal/-/strip-literal-0.4.2.tgz",
      "integrity": "sha1-T5+mw4uxV7kk6aznFV6/iiNCy88=",
      "dev": true,
      "requires": {
        "acorn": "^8.8.0"
      }
    },
    "supports-preserve-symlinks-flag": {
      "version": "1.0.0",
      "resolved": "https://artifacts.merck.com/artifactory/api/npm/npm-main-dev/supports-preserve-symlinks-flag/-/supports-preserve-symlinks-flag-1.0.0.tgz",
      "integrity": "sha1-btpL00SjyUrqN21MwxvHcxEDngk=",
      "dev": true
    },
    "tinybench": {
      "version": "2.2.1",
      "resolved": "https://artifacts.merck.com/artifactory/api/npm/npm-main-dev/tinybench/-/tinybench-2.2.1.tgz",
      "integrity": "sha1-WS4tqA4N5izFyUVDNax/EyszW2w=",
      "dev": true
    },
    "tinypool": {
      "version": "0.3.0",
      "resolved": "https://artifacts.merck.com/artifactory/api/npm/npm-main-dev/tinypool/-/tinypool-0.3.0.tgz",
      "integrity": "sha1-xAXYt0NQn8KOpMo1hDMZC+ZU+Bk=",
      "dev": true
    },
    "tinyspy": {
      "version": "1.0.2",
      "resolved": "https://artifacts.merck.com/artifactory/api/npm/npm-main-dev/tinyspy/-/tinyspy-1.0.2.tgz",
      "integrity": "sha1-baCzkYv9VhcPs806K174Mu4d/w0=",
      "dev": true
    },
    "type-detect": {
      "version": "4.0.8",
      "resolved": "https://artifacts.merck.com/artifactory/api/npm/npm-main-dev/type-detect/-/type-detect-4.0.8.tgz",
      "integrity": "sha1-dkb7XxiHHPu3dJ5pvTmmOI63RQw=",
      "dev": true
    },
    "typescript": {
      "version": "4.8.4",
      "resolved": "https://artifacts.merck.com/artifactory/api/npm/npm-main-dev/typescript/-/typescript-4.8.4.tgz",
      "integrity": "sha1-xGSryhWWaVl75flriUNQCyOOYOY=",
      "dev": true
    },
    "vite": {
      "version": "3.1.4",
      "resolved": "https://artifacts.merck.com/artifactory/api/npm/npm-main-dev/vite/-/vite-3.1.4.tgz",
      "integrity": "sha1-t1gkuBnYNUpvNuS5iJQ8fklH4VU=",
      "dev": true,
      "requires": {
        "esbuild": "^0.15.6",
        "fsevents": "~2.3.2",
        "postcss": "^8.4.16",
        "resolve": "^1.22.1",
        "rollup": "~2.78.0"
      }
    },
    "vitest": {
      "version": "0.23.4",
      "resolved": "https://artifacts.merck.com/artifactory/api/npm/npm-main-dev/vitest/-/vitest-0.23.4.tgz",
      "integrity": "sha1-fr6mIPID9N8JonyheBncnaYfiO8=",
      "dev": true,
      "requires": {
        "@types/chai": "^4.3.3",
        "@types/chai-subset": "^1.3.3",
        "@types/node": "*",
        "chai": "^4.3.6",
        "debug": "^4.3.4",
        "local-pkg": "^0.4.2",
        "strip-literal": "^0.4.1",
        "tinybench": "^2.1.5",
        "tinypool": "^0.3.0",
        "tinyspy": "^1.0.2",
        "vite": "^2.9.12 || ^3.0.0-0"
      }
    }
  }
}
